
Microsoft Visual Studio Solution File, Format Version 12.00
# Visual Studio Version 16
VisualStudioVersion = 16.0.31424.327
MinimumVisualStudioVersion = 10.0.40219.1
Project("{9A19103F-16F7-4668-BE54-9A1E7A4F7556}") = "QuanLyGiangVien.Api", "QuanLyGiangVien.Api\QuanLyGiangVien.Api.csproj", "{E14BA69A-CC02-4957-B5D6-34F632839DA0}"
EndProject
Project("{9A19103F-16F7-4668-BE54-9A1E7A4F7556}") = "QuanLyGiangVien.Models", "QuanLyGiangVien.Models\QuanLyGiangVien.Models.csproj", "{C25810B7-187F-4418-8E7E-CDA888DD32A4}"
EndProject
Project("{FAE04EC0-301F-11D3-BF4B-00C04F79EFBC}") = "QuanLyGiangVienWasm", "QuanLyGiangVienWasm\QuanLyGiangVienWasm.csproj", "{196FA0F1-0BE7-4DF1-8808-07F6409B9AC0}"
EndProject
Global
	GlobalSection(SolutionConfigurationPlatforms) = preSolution
		Debug|Any CPU = Debug|Any CPU
		Release|Any CPU = Release|Any CPU
	EndGlobalSection
	GlobalSection(ProjectConfigurationPlatforms) = postSolution
		{E14BA69A-CC02-4957-B5D6-34F632839DA0}.Debug|Any CPU.ActiveCfg = Debug|Any CPU
		{E14BA69A-CC02-4957-B5D6-34F632839DA0}.Debug|Any CPU.Build.0 = Debug|Any CPU
		{E14BA69A-CC02-4957-B5D6-34F632839DA0}.Release|Any CPU.ActiveCfg = Release|Any CPU
		{E14BA69A-CC02-4957-B5D6-34F632839DA0}.Release|Any CPU.Build.0 = Release|Any CPU
		{C25810B7-187F-4418-8E7E-CDA888DD32A4}.Debug|Any CPU.ActiveCfg = Debug|Any CPU
		{C25810B7-187F-4418-8E7E-CDA888DD32A4}.Debug|Any CPU.Build.0 = Debug|Any CPU
		{C25810B7-187F-4418-8E7E-CDA888DD32A4}.Release|Any CPU.ActiveCfg = Release|Any CPU
		{C25810B7-187F-4418-8E7E-CDA888DD32A4}.Release|Any CPU.Build.0 = Release|Any CPU
		{196FA0F1-0BE7-4DF1-8808-07F6409B9AC0}.Debug|Any CPU.ActiveCfg = Debug|Any CPU
		{196FA0F1-0BE7-4DF1-8808-07F6409B9AC0}.Debug|Any CPU.Build.0 = Debug|Any CPU
		{196FA0F1-0BE7-4DF1-8808-07F6409B9AC0}.Release|Any CPU.ActiveCfg = Release|Any CPU
		{196FA0F1-0BE7-4DF1-8808-07F6409B9AC0}.Release|Any CPU.Build.0 = Release|Any CPU
	EndGlobalSection
	GlobalSection(SolutionProperties) = preSolution
		HideSolutionNode = FALSE
	EndGlobalSection
	GlobalSection(ExtensibilityGlobals) = postSolution
		SolutionGuid = {AFBC591A-8944-4BD8-95BA-5A185AAFA5FE}
	EndGlobalSection
EndGlobal
